PODS:
  - Flutter (1.0.0)
  - image_cropper (0.0.4):
    - Flutter
    - TOCropViewController (~> 2.6.1)
  - image_picker (0.0.1):
    - Flutter
  - permission_handler_apple (9.0.4):
    - Flutter
  - shared_preferences_foundation (0.0.1):
    - Flutter
    - FlutterMacOS
  - TOCropViewController (2.6.1)

DEPENDENCIES:
  - Flutter (from `Flutter`)
  - image_cropper (from `.symlinks/plugins/image_cropper/ios`)
  - image_picker (from `.symlinks/plugins/image_picker/ios`)
  - permission_handler_apple (from `.symlinks/plugins/permission_handler_apple/ios`)
  - shared_preferences_foundation (from `.symlinks/plugins/shared_preferences_foundation/ios`)

SPEC REPOS:
  trunk:
    - TOCropViewController

EXTERNAL SOURCES:
  Flutter:
    :path: Flutter
  image_cropper:
    :path: ".symlinks/plugins/image_cropper/ios"
  image_picker:
    :path: ".symlinks/plugins/image_picker/ios"
  permission_handler_apple:
    :path: ".symlinks/plugins/permission_handler_apple/ios"
  shared_preferences_foundation:
    :path: ".symlinks/plugins/shared_preferences_foundation/ios"

SPEC CHECKSUMS:
  Flutter: f04841e97a9d0b0a8025694d0796dd46242b2854
  image_cropper: 60c2789d1f1a78c873235d4319ca0c34a69f2d98
  image_picker: 50e7c7ff960e5f58faa4d1f4af84a771c671bc4a
  permission_handler_apple: 44366e37eaf29454a1e7b1b7d736c2cceaeb17ce
  shared_preferences_foundation: 297b3ebca31b34ec92be11acd7fb0ba932c822ca
  TOCropViewController: edfd4f25713d56905ad1e0b9f5be3fbe0f59c863

PODFILE CHECKSUM: 4de8bd71b8deacfcb1b73b32cd6474441ce0715f

COCOAPODS: 1.11.3
